{
  "name": "se.egelberg.tesla.controls",
  "version": "1.0.0",
  "lockfileVersion": 2,
  "requires": true,
  "packages": {
    "": {
      "name": "se.egelberg.tesla.controls",
      "version": "1.0.0",
      "dependencies": {
        "pushover-notifications": "^1.2.2"
      },
      "devDependencies": {
        "@tsconfig/node16": "^16.1.1",
        "@types/homey": "npm:homey-apps-sdk-v3-types@^0.3.5",
        "@types/node": "^20.8.7"
      }
    },
    "node_modules/@tsconfig/node16": {
      "version": "16.1.1",
      "resolved": "https://registry.npmjs.org/@tsconfig/node16/-/node16-16.1.1.tgz",
      "integrity": "sha512-+pio93ejHN4nINX4pXqfnR/fPLRtJBaT4ORaa5RH0Oc1zoYmo2B2koG+M328CQhHKn1Wj6FcOxCDFXAot9NhvA==",
      "dev": true
    },
    "node_modules/@types/homey": {
      "name": "homey-apps-sdk-v3-types",
      "version": "0.3.5",
      "resolved": "https://registry.npmjs.org/homey-apps-sdk-v3-types/-/homey-apps-sdk-v3-types-0.3.5.tgz",
      "integrity": "sha512-AH7UPiPILITBmjDSAnupLp2kaBO9GuAj5y0hk9tLC2mO0AuOQuRYnbXIxrHOG3kium8m99FnS3BUHg0aY/SNCg==",
      "dev": true,
      "dependencies": {
        "@types/node": "^14.14.20"
      }
    },
    "node_modules/@types/homey/node_modules/@types/node": {
      "version": "14.18.63",
      "resolved": "https://registry.npmjs.org/@types/node/-/node-14.18.63.tgz",
      "integrity": "sha512-fAtCfv4jJg+ExtXhvCkCqUKZ+4ok/JQk01qDKhL5BDDoS3AxKXhV5/MAVUZyQnSEd2GT92fkgZl0pz0Q0AzcIQ==",
      "dev": true
    },
    "node_modules/@types/node": {
      "version": "20.8.7",
      "resolved": "https://registry.npmjs.org/@types/node/-/node-20.8.7.tgz",
      "integrity": "sha512-21TKHHh3eUHIi2MloeptJWALuCu5H7HQTdTrWIFReA8ad+aggoX+lRes3ex7/FtpC+sVUpFMQ+QTfYr74mruiQ==",
      "dev": true,
      "dependencies": {
        "undici-types": "~5.25.1"
      }
    },
    "node_modules/pushover-notifications": {
      "version": "1.2.2",
      "resolved": "https://registry.npmjs.org/pushover-notifications/-/pushover-notifications-1.2.2.tgz",
      "integrity": "sha512-+3Xcj+kiMiouZK1Ws8yGBTyl8WMPZZdELgl/iVxYqNwDdlaObBHMhEGPRC6Zb9t0BE27ikOoOqSIO1cKZOtsDA==",
      "engines": {
        "node": "*"
      }
    },
    "node_modules/undici-types": {
      "version": "5.25.3",
      "resolved": "https://registry.npmjs.org/undici-types/-/undici-types-5.25.3.tgz",
      "integrity": "sha512-Ga1jfYwRn7+cP9v8auvEXN1rX3sWqlayd4HP7OKk4mZWylEmu3KzXDUGrQUN6Ol7qo1gPvB2e5gX6udnyEPgdA==",
      "dev": true
    }
  },
  "dependencies": {
    "@tsconfig/node16": {
      "version": "16.1.1",
      "resolved": "https://registry.npmjs.org/@tsconfig/node16/-/node16-16.1.1.tgz",
      "integrity": "sha512-+pio93ejHN4nINX4pXqfnR/fPLRtJBaT4ORaa5RH0Oc1zoYmo2B2koG+M328CQhHKn1Wj6FcOxCDFXAot9NhvA==",
      "dev": true
    },
    "@types/homey": {
      "version": "npm:homey-apps-sdk-v3-types@0.3.5",
      "resolved": "https://registry.npmjs.org/homey-apps-sdk-v3-types/-/homey-apps-sdk-v3-types-0.3.5.tgz",
      "integrity": "sha512-AH7UPiPILITBmjDSAnupLp2kaBO9GuAj5y0hk9tLC2mO0AuOQuRYnbXIxrHOG3kium8m99FnS3BUHg0aY/SNCg==",
      "dev": true,
      "requires": {
        "@types/node": "^14.14.20"
      },
      "dependencies": {
        "@types/node": {
          "version": "14.18.63",
          "resolved": "https://registry.npmjs.org/@types/node/-/node-14.18.63.tgz",
          "integrity": "sha512-fAtCfv4jJg+ExtXhvCkCqUKZ+4ok/JQk01qDKhL5BDDoS3AxKXhV5/MAVUZyQnSEd2GT92fkgZl0pz0Q0AzcIQ==",
          "dev": true
        }
      }
    },
    "@types/node": {
      "version": "20.8.7",
      "resolved": "https://registry.npmjs.org/@types/node/-/node-20.8.7.tgz",
      "integrity": "sha512-21TKHHh3eUHIi2MloeptJWALuCu5H7HQTdTrWIFReA8ad+aggoX+lRes3ex7/FtpC+sVUpFMQ+QTfYr74mruiQ==",
      "dev": true,
      "requires": {
        "undici-types": "~5.25.1"
      }
    },
    "pushover-notifications": {
      "version": "1.2.2",
      "resolved": "https://registry.npmjs.org/pushover-notifications/-/pushover-notifications-1.2.2.tgz",
      "integrity": "sha512-+3Xcj+kiMiouZK1Ws8yGBTyl8WMPZZdELgl/iVxYqNwDdlaObBHMhEGPRC6Zb9t0BE27ikOoOqSIO1cKZOtsDA=="
    },
    "undici-types": {
      "version": "5.25.3",
      "resolved": "https://registry.npmjs.org/undici-types/-/undici-types-5.25.3.tgz",
      "integrity": "sha512-Ga1jfYwRn7+cP9v8auvEXN1rX3sWqlayd4HP7OKk4mZWylEmu3KzXDUGrQUN6Ol7qo1gPvB2e5gX6udnyEPgdA==",
      "dev": true
    }
  }
}
